
Microsoft Visual Studio Solution File, Format Version 12.00
# Visual Studio Version 17
VisualStudioVersion = 17.11.35327.3
MinimumVisualStudioVersion = 10.0.40219.1
Project("{9A19103F-16F7-4668-BE54-9A1E7A4F7556}") = "Second_Project", "Second_Project\Second_Project.csproj", "{2A142E03-3306-4C0F-ACF6-AECC53AC4D98}"
EndProject
Global
	GlobalSection(SolutionConfigurationPlatforms) = preSolution
		Debug|Any CPU = Debug|Any CPU
		Release|Any CPU = Release|Any CPU
	EndGlobalSection
	GlobalSection(ProjectConfigurationPlatforms) = postSolution
		{2A142E03-3306-4C0F-ACF6-AECC53AC4D98}.Debug|Any CPU.ActiveCfg = Debug|Any CPU
		{2A142E03-3306-4C0F-ACF6-AECC53AC4D98}.Debug|Any CPU.Build.0 = Debug|Any CPU
		{2A142E03-3306-4C0F-ACF6-AECC53AC4D98}.Release|Any CPU.ActiveCfg = Release|Any CPU
		{2A142E03-3306-4C0F-ACF6-AECC53AC4D98}.Release|Any CPU.Build.0 = Release|Any CPU
	EndGlobalSection
	GlobalSection(SolutionProperties) = preSolution
		HideSolutionNode = FALSE
	EndGlobalSection
	GlobalSection(ExtensibilityGlobals) = postSolution
		SolutionGuid = {52D971A3-ECDB-41FD-A416-757B1F3D1858}
	EndGlobalSection
EndGlobal
